parameters:
    uneak.admin.block.manager.class: Uneak\AdminBundle\Block\BlockManager
    uneak.admin.block.twig.extension.class: Uneak\AdminBundle\Twig\Extension\BlockExtension
    
services:

    uneak.admin.block.manager:
        class: %uneak.admin.block.manager.class%
        arguments:
            - @uneak.admin.assets.manager

    uneak.admin.block.twig.extension:
        class: %uneak.admin.block.twig.extension.class%
        arguments:
            - @uneak.admin.block.manager
            - @twig
        tags:
            - { name: twig.extension }
